
Microsoft Visual Studio Solution File, Format Version 12.00
# Visual Studio Version 17
VisualStudioVersion = 17.0.31903.59
MinimumVisualStudioVersion = 10.0.40219.1
Project("{2150E333-8FDC-42A3-9474-1A3956D46DE8}") = "src", "src", "{827E0CD3-B72D-47B6-A68D-7590B98EB39B}"
EndProject
Project("{FAE04EC0-301F-11D3-BF4B-00C04F79EFBC}") = "ProjectTaskManagement.Domain", "src\ProjectTaskManagement.Domain\ProjectTaskManagement.Domain.csproj", "{A855895C-E863-4F40-A1D0-3A38D54D252F}"
EndProject
Project("{FAE04EC0-301F-11D3-BF4B-00C04F79EFBC}") = "ProjectTaskManagement.Application", "src\ProjectTaskManagement.Application\ProjectTaskManagement.Application.csproj", "{954B42A5-8F2D-4A43-834A-E547AFD7A9BD}"
EndProject
Project("{FAE04EC0-301F-11D3-BF4B-00C04F79EFBC}") = "ProjectTaskManagement.Infrastructure", "src\ProjectTaskManagement.Infrastructure\ProjectTaskManagement.Infrastructure.csproj", "{BF197E75-63FF-4C5B-BED0-5C4ED46EEEDB}"
EndProject
Project("{FAE04EC0-301F-11D3-BF4B-00C04F79EFBC}") = "ProjectTaskManagement.API", "src\ProjectTaskManagement.API\ProjectTaskManagement.API.csproj", "{4F41225B-4CD5-49AD-8D69-25B43E53015E}"
EndProject
Project("{FAE04EC0-301F-11D3-BF4B-00C04F79EFBC}") = "ProjectTaskManagement.Tests", "tests\ProjectTaskManagement.Tests\ProjectTaskManagement.Tests.csproj", "{41856C10-100E-4F7B-B6B4-950558303AEC}"
EndProject
Global
	GlobalSection(SolutionConfigurationPlatforms) = preSolution
		Debug|Any CPU = Debug|Any CPU
		Debug|x64 = Debug|x64
		Debug|x86 = Debug|x86
		Release|Any CPU = Release|Any CPU
		Release|x64 = Release|x64
		Release|x86 = Release|x86
	EndGlobalSection
	GlobalSection(ProjectConfigurationPlatforms) = postSolution
		{A855895C-E863-4F40-A1D0-3A38D54D252F}.Debug|Any CPU.ActiveCfg = Debug|Any CPU
		{A855895C-E863-4F40-A1D0-3A38D54D252F}.Debug|Any CPU.Build.0 = Debug|Any CPU
		{A855895C-E863-4F40-A1D0-3A38D54D252F}.Debug|x64.ActiveCfg = Debug|Any CPU
		{A855895C-E863-4F40-A1D0-3A38D54D252F}.Debug|x64.Build.0 = Debug|Any CPU
		{A855895C-E863-4F40-A1D0-3A38D54D252F}.Debug|x86.ActiveCfg = Debug|Any CPU
		{A855895C-E863-4F40-A1D0-3A38D54D252F}.Debug|x86.Build.0 = Debug|Any CPU
		{A855895C-E863-4F40-A1D0-3A38D54D252F}.Release|Any CPU.ActiveCfg = Release|Any CPU
		{A855895C-E863-4F40-A1D0-3A38D54D252F}.Release|Any CPU.Build.0 = Release|Any CPU
		{A855895C-E863-4F40-A1D0-3A38D54D252F}.Release|x64.ActiveCfg = Release|Any CPU
		{A855895C-E863-4F40-A1D0-3A38D54D252F}.Release|x64.Build.0 = Release|Any CPU
		{A855895C-E863-4F40-A1D0-3A38D54D252F}.Release|x86.ActiveCfg = Release|Any CPU
		{A855895C-E863-4F40-A1D0-3A38D54D252F}.Release|x86.Build.0 = Release|Any CPU
		{954B42A5-8F2D-4A43-834A-E547AFD7A9BD}.Debug|Any CPU.ActiveCfg = Debug|Any CPU
		{954B42A5-8F2D-4A43-834A-E547AFD7A9BD}.Debug|Any CPU.Build.0 = Debug|Any CPU
		{954B42A5-8F2D-4A43-834A-E547AFD7A9BD}.Debug|x64.ActiveCfg = Debug|Any CPU
		{954B42A5-8F2D-4A43-834A-E547AFD7A9BD}.Debug|x64.Build.0 = Debug|Any CPU
		{954B42A5-8F2D-4A43-834A-E547AFD7A9BD}.Debug|x86.ActiveCfg = Debug|Any CPU
		{954B42A5-8F2D-4A43-834A-E547AFD7A9BD}.Debug|x86.Build.0 = Debug|Any CPU
		{954B42A5-8F2D-4A43-834A-E547AFD7A9BD}.Release|Any CPU.ActiveCfg = Release|Any CPU
		{954B42A5-8F2D-4A43-834A-E547AFD7A9BD}.Release|Any CPU.Build.0 = Release|Any CPU
		{954B42A5-8F2D-4A43-834A-E547AFD7A9BD}.Release|x64.ActiveCfg = Release|Any CPU
		{954B42A5-8F2D-4A43-834A-E547AFD7A9BD}.Release|x64.Build.0 = Release|Any CPU
		{954B42A5-8F2D-4A43-834A-E547AFD7A9BD}.Release|x86.ActiveCfg = Release|Any CPU
		{954B42A5-8F2D-4A43-834A-E547AFD7A9BD}.Release|x86.Build.0 = Release|Any CPU
		{BF197E75-63FF-4C5B-BED0-5C4ED46EEEDB}.Debug|Any CPU.ActiveCfg = Debug|Any CPU
		{BF197E75-63FF-4C5B-BED0-5C4ED46EEEDB}.Debug|Any CPU.Build.0 = Debug|Any CPU
		{BF197E75-63FF-4C5B-BED0-5C4ED46EEEDB}.Debug|x64.ActiveCfg = Debug|Any CPU
		{BF197E75-63FF-4C5B-BED0-5C4ED46EEEDB}.Debug|x64.Build.0 = Debug|Any CPU
		{BF197E75-63FF-4C5B-BED0-5C4ED46EEEDB}.Debug|x86.ActiveCfg = Debug|Any CPU
		{BF197E75-63FF-4C5B-BED0-5C4ED46EEEDB}.Debug|x86.Build.0 = Debug|Any CPU
		{BF197E75-63FF-4C5B-BED0-5C4ED46EEEDB}.Release|Any CPU.ActiveCfg = Release|Any CPU
		{BF197E75-63FF-4C5B-BED0-5C4ED46EEEDB}.Release|Any CPU.Build.0 = Release|Any CPU
		{BF197E75-63FF-4C5B-BED0-5C4ED46EEEDB}.Release|x64.ActiveCfg = Release|Any CPU
		{BF197E75-63FF-4C5B-BED0-5C4ED46EEEDB}.Release|x64.Build.0 = Release|Any CPU
		{BF197E75-63FF-4C5B-BED0-5C4ED46EEEDB}.Release|x86.ActiveCfg = Release|Any CPU
		{BF197E75-63FF-4C5B-BED0-5C4ED46EEEDB}.Release|x86.Build.0 = Release|Any CPU
		{4F41225B-4CD5-49AD-8D69-25B43E53015E}.Debug|Any CPU.ActiveCfg = Debug|Any CPU
		{4F41225B-4CD5-49AD-8D69-25B43E53015E}.Debug|Any CPU.Build.0 = Debug|Any CPU
		{4F41225B-4CD5-49AD-8D69-25B43E53015E}.Debug|x64.ActiveCfg = Debug|Any CPU
		{4F41225B-4CD5-49AD-8D69-25B43E53015E}.Debug|x64.Build.0 = Debug|Any CPU
		{4F41225B-4CD5-49AD-8D69-25B43E53015E}.Debug|x86.ActiveCfg = Debug|Any CPU
		{4F41225B-4CD5-49AD-8D69-25B43E53015E}.Debug|x86.Build.0 = Debug|Any CPU
		{4F41225B-4CD5-49AD-8D69-25B43E53015E}.Release|Any CPU.ActiveCfg = Release|Any CPU
		{4F41225B-4CD5-49AD-8D69-25B43E53015E}.Release|Any CPU.Build.0 = Release|Any CPU
		{4F41225B-4CD5-49AD-8D69-25B43E53015E}.Release|x64.ActiveCfg = Release|Any CPU
		{4F41225B-4CD5-49AD-8D69-25B43E53015E}.Release|x64.Build.0 = Release|Any CPU
		{4F41225B-4CD5-49AD-8D69-25B43E53015E}.Release|x86.ActiveCfg = Release|Any CPU
		{4F41225B-4CD5-49AD-8D69-25B43E53015E}.Release|x86.Build.0 = Release|Any CPU
		{41856C10-100E-4F7B-B6B4-950558303AEC}.Debug|Any CPU.ActiveCfg = Debug|Any CPU
		{41856C10-100E-4F7B-B6B4-950558303AEC}.Debug|Any CPU.Build.0 = Debug|Any CPU
		{41856C10-100E-4F7B-B6B4-950558303AEC}.Debug|x64.ActiveCfg = Debug|Any CPU
		{41856C10-100E-4F7B-B6B4-950558303AEC}.Debug|x64.Build.0 = Debug|Any CPU
		{41856C10-100E-4F7B-B6B4-950558303AEC}.Debug|x86.ActiveCfg = Debug|Any CPU
		{41856C10-100E-4F7B-B6B4-950558303AEC}.Debug|x86.Build.0 = Debug|Any CPU
		{41856C10-100E-4F7B-B6B4-950558303AEC}.Release|Any CPU.ActiveCfg = Release|Any CPU
		{41856C10-100E-4F7B-B6B4-950558303AEC}.Release|Any CPU.Build.0 = Release|Any CPU
		{41856C10-100E-4F7B-B6B4-950558303AEC}.Release|x64.ActiveCfg = Release|Any CPU
		{41856C10-100E-4F7B-B6B4-950558303AEC}.Release|x64.Build.0 = Release|Any CPU
		{41856C10-100E-4F7B-B6B4-950558303AEC}.Release|x86.ActiveCfg = Release|Any CPU
		{41856C10-100E-4F7B-B6B4-950558303AEC}.Release|x86.Build.0 = Release|Any CPU
	EndGlobalSection
	GlobalSection(SolutionProperties) = preSolution
		HideSolutionNode = FALSE
	EndGlobalSection
	GlobalSection(NestedProjects) = preSolution
		{A855895C-E863-4F40-A1D0-3A38D54D252F} = {827E0CD3-B72D-47B6-A68D-7590B98EB39B}
		{954B42A5-8F2D-4A43-834A-E547AFD7A9BD} = {827E0CD3-B72D-47B6-A68D-7590B98EB39B}
		{BF197E75-63FF-4C5B-BED0-5C4ED46EEEDB} = {827E0CD3-B72D-47B6-A68D-7590B98EB39B}
		{4F41225B-4CD5-49AD-8D69-25B43E53015E} = {827E0CD3-B72D-47B6-A68D-7590B98EB39B}
		{41856C10-100E-4F7B-B6B4-950558303AEC} = {827E0CD3-B72D-47B6-A68D-7590B98EB39B}
	EndGlobalSection
EndGlobal
